
Microsoft Visual Studio Solution File, Format Version 12.00
# Visual Studio 15
VisualStudioVersion = 15.0.28010.2026
MinimumVisualStudioVersion = 10.0.40219.1
Project("{FAE04EC0-301F-11D3-BF4B-00C04F79EFBC}") = "WindowsBackGround", "WindowsBackGround\WindowsBackGround.csproj", "{47229915-6187-43F1-8B2B-37A264D935FA}"
EndProject
Global
	GlobalSection(SolutionConfigurationPlatforms) = preSolution
		Debug|Any CPU = Debug|Any CPU
		Release|Any CPU = Release|Any CPU
	EndGlobalSection
	GlobalSection(ProjectConfigurationPlatforms) = postSolution
		{47229915-6187-43F1-8B2B-37A264D935FA}.Debug|Any CPU.ActiveCfg = Debug|Any CPU
		{47229915-6187-43F1-8B2B-37A264D935FA}.Debug|Any CPU.Build.0 = Debug|Any CPU
		{47229915-6187-43F1-8B2B-37A264D935FA}.Release|Any CPU.ActiveCfg = Release|Any CPU
		{47229915-6187-43F1-8B2B-37A264D935FA}.Release|Any CPU.Build.0 = Release|Any CPU
	EndGlobalSection
	GlobalSection(SolutionProperties) = preSolution
		HideSolutionNode = FALSE
	EndGlobalSection
	GlobalSection(ExtensibilityGlobals) = postSolution
		SolutionGuid = {C39880E0-FEB9-4ABD-A27B-0822536311AD}
	EndGlobalSection
EndGlobal
